// !$*UTF8*$!
{
	archiveVersion = 1;
	classes = {
	};
	objectVersion = 46;
	objects = {

/* Begin PBXBuildFile section */
		02865EEB1C48CCFE002C9707 /* main.m in Sources */ = {isa = PBXBuildFile; fileRef = 02865EEA1C48CCFE002C9707 /* main.m */; };
		02865EEE1C48CCFE002C9707 /* AppDelegate.m in Sources */ = {isa = PBXBuildFile; fileRef = 02865EED1C48CCFE002C9707 /* AppDelegate.m */; };
		02865EF11C48CCFE002C9707 /* ViewController.m in Sources */ = {isa = PBXBuildFile; fileRef = 02865EF01C48CCFE002C9707 /* ViewController.m */; };
		02865EF41C48CCFE002C9707 /* Main.storyboard in Resources */ = {isa = PBXBuildFile; fileRef = 02865EF21C48CCFE002C9707 /* Main.storyboard */; };
		02865EF61C48CCFE002C9707 /* Assets.xcassets in Resources */ = {isa = PBXBuildFile; fileRef = 02865EF51C48CCFE002C9707 /* Assets.xcassets */; };
		02865EF91C48CCFE002C9707 /* LaunchScreen.storyboard in Resources */ = {isa = PBXBuildFile; fileRef = 02865EF71C48CCFE002C9707 /* LaunchScreen.storyboard */; };
/* End PBXBuildFile section */

/* Begin PBXFileReference section */
		02865EE61C48CCFE002C9707 /* UIScrollView.app */ = {isa = PBXFileReference; explicitFileType = wrapper.application; includeInIndex = 0; path = UIScrollView.app; sourceTree = BUILT_PRODUCTS_DIR; };
		02865EEA1C48CCFE002C9707 /* main.m */ = {isa = PBXFileReference; lastKnownFileType = sourcecode.c.objc; path = main.m; sourceTree = "<group>"; };
		02865EEC1C48CCFE002C9707 /* AppDelegate.h */ = {isa = PBXFileReference; lastKnownFileType = sourcecode.c.h; path = AppDelegate.h; sourceTree = "<group>"; };
		02865EED1C48CCFE002C9707 /* AppDelegate.m */ = {isa = PBXFileReference; lastKnownFileType = sourcecode.c.objc; path = AppDelegate.m; sourceTree = "<group>"; };
		02865EEF1C48CCFE002C9707 /* ViewController.h */ = {isa = PBXFileReference; lastKnownFileType = sourcecode.c.h; path = ViewController.h; sourceTree = "<group>"; };
		02865EF01C48CCFE002C9707 /* ViewController.m */ = {isa = PBXFileReference; lastKnownFileType = sourcecode.c.objc; path = ViewController.m; sourceTree = "<group>"; };
		02865EF31C48CCFE002C9707 /* Base */ = {isa = PBXFileReference; lastKnownFileType = file.storyboard; name = Base; path = Base.lproj/Main.storyboard; sourceTree = "<group>"; };
		02865EF51C48CCFE002C9707 /* Assets.xcassets */ = {isa = PBXFileReference; lastKnownFileType = folder.assetcatalog; path = Assets.xcassets; sourceTree = "<group>"; };
		02865EF81C48CCFE002C9707 /* Base */ = {isa = PBXFileReference; lastKnownFileType = file.storyboard; name = Base; path = Base.lproj/LaunchScreen.storyboard; sourceTree = "<group>"; };
		02865EFA1C48CCFE002C9707 /* Info.plist */ = {isa = PBXFileReference; lastKnownFileType = text.plist.xml; path = Info.plist; sourceTree = "<group>"; };
/* End PBXFileReference section */

/* Begin PBXFrameworksBuildPhase section */
		02865EE31C48CCFE002C9707 /* Frameworks */ = {
			isa = PBXFrameworksBuildPhase;
			buildActionMask = 2147483647;
			files = (
			);
			runOnlyForDeploymentPostprocessing = 0;
		};
/* End PBXFrameworksBuildPhase section */

/* Begin PBXGroup section */
		02865EDD1C48CCFE002C9707 = {
			isa = PBXGroup;
			children = (
				02865EE81C48CCFE002C9707 /* UIScrollView */,
				02865EE71C48CCFE002C9707 /* Products */,
			);
			sourceTree = "<group>";
		};
		02865EE71C48CCFE002C9707 /* Products */ = {
			isa = PBXGroup;
			children = (
				02865EE61C48CCFE002C9707 /* UIScrollView.app */,
			);
			name = Products;
			sourceTree = "<group>";
		};
		02865EE81C48CCFE002C9707 /* UIScrollView */ = {
			isa = PBXGroup;
			children = (
				02865EEC1C48CCFE002C9707 /* AppDelegate.h */,
				02865EED1C48CCFE002C9707 /* AppDelegate.m */,
				02865EEF1C48CCFE002C9707 /* ViewController.h */,
				02865EF01C48CCFE002C9707 /* ViewController.m */,
				02865EF21C48CCFE002C9707 /* Main.storyboard */,
				02865EF51C48CCFE002C9707 /* Assets.xcassets */,
				02865EF71C48CCFE002C9707 /* LaunchScreen.storyboard */,
				02865EFA1C48CCFE002C9707 /* Info.plist */,
				02865EE91C48CCFE002C9707 /* Supporting Files */,
			);
			path = UIScrollView;
			sourceTree = "<group>";
		};
		02865EE91C48CCFE002C9707 /* Supporting Files */ = {
			isa = PBXGroup;
			children = (
				02865EEA1C48CCFE002C9707 /* main.m */,
			);
			name = "Supporting Files";
			sourceTree = "<group>";
		};
/* End PBXGroup section */

/* Begin PBXNativeTarget section */
		02865EE51C48CCFE002C9707 /* UIScrollView */ = {
			isa = PBXNativeTarget;
			buildConfigurationList = 02865EFD1C48CCFE002C9707 /* Build configuration list for PBXNativeTarget "UIScrollView" */;
			buildPhases = (
				02865EE21C48CCFE002C9707 /* Sources */,
				02865EE31C48CCFE002C9707 /* Frameworks */,
				02865EE41C48CCFE002C9707 /* Resources */,
			);
			buildRules = (
			);
			dependencies = (
			);
			name = UIScrollView;
			productName = UIScrollView;
			productReference = 02865EE61C48CCFE002C9707 /* UIScrollView.app */;
			productType = "com.apple.product-type.application";
		};
/* End PBXNativeTarget section */

/* Begin PBXProject section */
		02865EDE1C48CCFE002C9707 /* Project object */ = {
			isa = PBXProject;
			attributes = {
				LastUpgradeCheck = 0700;
				ORGANIZATIONNAME = Miles;
				TargetAttributes = {
					02865EE51C48CCFE002C9707 = {
						CreatedOnToolsVersion = 7.0;
					};
				};
			};
			buildConfigurationList = 02865EE11C48CCFE002C9707 /* Build configuration list for PBXProject "UIScrollView" */;
			compatibilityVersion = "Xcode 3.2";
			developmentRegion = English;
			hasScannedForEncodings = 0;
			knownRegions = (
				en,
				Base,
			);
			mainGroup = 02865EDD1C48CCFE002C9707;
			productRefGroup = 02865EE71C48CCFE002C9707 /* Products */;
			projectDirPath = "";
			projectRoot = "";
			targets = (
				02865EE51C48CCFE002C9707 /* UIScrollView */,
			);
		};
/* End PBXProject section */

/* Begin PBXResourcesBuildPhase section */
		02865EE41C48CCFE002C9707 /* Resources */ = {
			isa = PBXResourcesBuildPhase;
			buildActionMask = 2147483647;
			files = (
				02865EF91C48CCFE002C9707 /* LaunchScreen.storyboard in Resources */,
				02865EF61C48CCFE002C9707 /* Assets.xcassets in Resources */,
				02865EF41C48CCFE002C9707 /* Main.storyboard in Resources */,
			);
			runOnlyForDeploymentPostprocessing = 0;
		};
/* End PBXResourcesBuildPhase section */

/* Begin PBXSourcesBuildPhase section */
		02865EE21C48CCFE002C9707 /* Sources */ = {
			isa = PBXSourcesBuildPhase;
			buildActionMask = 2147483647;
			files = (
				02865EF11C48CCFE002C9707 /* ViewController.m in Sources */,
				02865EEE1C48CCFE002C9707 /* AppDelegate.m in Sources */,
				02865EEB1C48CCFE002C9707 /* main.m in Sources */,
			);
			runOnlyForDeploymentPostprocessing = 0;
		};
/* End PBXSourcesBuildPhase section */

/* Begin PBXVariantGroup section */
		02865EF21C48CCFE002C9707 /* Main.storyboard */ = {
			isa = PBXVariantGroup;
			children = (
				02865EF31C48CCFE002C9707 /* Base */,
			);
			name = Main.storyboard;
			sourceTree = "<group>";
		};
		02865EF71C48CCFE002C9707 /* LaunchScreen.storyboard */ = {
			isa = PBXVariantGroup;
			children = (
				02865EF81C48CCFE002C9707 /* Base */,
			);
			name = LaunchScreen.storyboard;
			sourceTree = "<group>";
		};
/* End PBXVariantGroup section */

/* Begin XCBuildConfiguration section */
		02865EFB1C48CCFE002C9707 /* Debug */ = {
			isa = XCBuildConfiguration;
			buildSettings = {
				ALWAYS_SEARCH_USER_PATHS = NO;
				CLANG_CXX_LANGUAGE_STANDARD = "gnu++0x";
				CLANG_CXX_LIBRARY = "libc++";
				CLANG_ENABLE_MODULES = YES;
				CLANG_ENABLE_OBJC_ARC = YES;
				CLANG_WARN_BOOL_CONVERSION = YES;
				CLANG_WARN_CONSTANT_CONVERSION = YES;
				CLANG_WARN_DIRECT_OBJC_ISA_USAGE = YES_ERROR;
				CLANG_WARN_EMPTY_BODY = YES;
				CLANG_WARN_ENUM_CONVERSION = YES;
				CLANG_WARN_INT_CONVERSION = YES;
				CLANG_WARN_OBJC_ROOT_CLASS = YES_ERROR;
				CLANG_WARN_UNREACHABLE_CODE = YES;
				CLANG_WARN__DUPLICATE_METHOD_MATCH = YES;
				"CODE_SIGN_IDENTITY[sdk=iphoneos*]" = "iPhone Developer";
				COPY_PHASE_STRIP = NO;
				DEBUG_INFORMATION_FORMAT = dwarf;
				ENABLE_STRICT_OBJC_MSGSEND = YES;
				ENABLE_TESTABILITY = YES;
				GCC_C_LANGUAGE_STANDARD = gnu99;
				GCC_DYNAMIC_NO_PIC = NO;
				GCC_NO_COMMON_BLOCKS = YES;
				GCC_OPTIMIZATION_LEVEL = 0;
				GCC_PREPROCESSOR_DEFINITIONS = (
					"DEBUG=1",
					"$(inherited)",
				);
				GCC_WARN_64_TO_32_BIT_CONVERSION = YES;
				GCC_WARN_ABOUT_RETURN_TYPE = YES_ERROR;
				GCC_WARN_UNDECLARED_SELECTOR = YES;
				GCC_WARN_UNINITIALIZED_AUTOS = YES_AGGRESSIVE;
				GCC_WARN_UNUSED_FUNCTION = YES;
				GCC_WARN_UNUSED_VARIABLE = YES;
				IPHONEOS_DEPLOYMENT_TARGET = 9.0;
				MTL_ENABLE_DEBUG_INFO = YES;
				ONLY_ACTIVE_ARCH = YES;
				SDKROOT = iphoneos;
			};
			name = Debug;
		};
		02865EFC1C48CCFE002C9707 /* Release */ = {
			isa = XCBuildConfiguration;
			buildSettings = {
				ALWAYS_SEARCH_USER_PATHS = NO;
				CLANG_CXX_LANGUAGE_STANDARD = "gnu++0x";
				CLANG_CXX_LIBRARY = "libc++";
				CLANG_ENABLE_MODULES = YES;
				CLANG_ENABLE_OBJC_ARC = YES;
				CLANG_WARN_BOOL_CONVERSION = YES;
				CLANG_WARN_CONSTANT_CONVERSION = YES;
				CLANG_WARN_DIRECT_OBJC_ISA_USAGE = YES_ERROR;
				CLANG_WARN_EMPTY_BODY = YES;
				CLANG_WARN_ENUM_CONVERSION = YES;
				CLANG_WARN_INT_CONVERSION = YES;
				CLANG_WARN_OBJC_ROOT_CLASS = YES_ERROR;
				CLANG_WARN_UNREACHABLE_CODE = YES;
				CLANG_WARN__DUPLICATE_METHOD_MATCH = YES;
				"CODE_SIGN_IDENTITY[sdk=iphoneos*]" = "iPhone Developer";
				COPY_PHASE_STRIP = NO;
				DEBUG_INFORMATION_FORMAT = "dwarf-with-dsym";
				ENABLE_NS_ASSERTIONS = NO;
				ENABLE_STRICT_OBJC_MSGSEND = YES;
				GCC_C_LANGUAGE_STANDARD = gnu99;
				GCC_NO_COMMON_BLOCKS = YES;
				GCC_WARN_64_TO_32_BIT_CONVERSION = YES;
				GCC_WARN_ABOUT_RETURN_TYPE = YES_ERROR;
				GCC_WARN_UNDECLARED_SELECTOR = YES;
				GCC_WARN_UNINITIALIZED_AUTOS = YES_AGGRESSIVE;
				GCC_WARN_UNUSED_FUNCTION = YES;
				GCC_WARN_UNUSED_VARIABLE = YES;
				IPHONEOS_DEPLOYMENT_TARGET = 9.0;
				MTL_ENABLE_DEBUG_INFO = NO;
				SDKROOT = iphoneos;
				VALIDATE_PRODUCT = YES;
			};
			name = Release;
		};
		02865EFE1C48CCFE002C9707 /* Debug */ = {
			isa = XCBuildConfiguration;
			buildSettings = {
				ASSETCATALOG_COMPILER_APPICON_NAME = AppIcon;
				INFOPLIST_FILE = UIScrollView/Info.plist;
				LD_RUNPATH_SEARCH_PATHS = "$(inherited) @executable_path/Frameworks";
				PRODUCT_BUNDLE_IDENTIFIER = com.baidu.UIScrollView;
				PRODUCT_NAME = "$(TARGET_NAME)";
			};
			name = Debug;
		};
		02865EFF1C48CCFE002C9707 /* Release */ = {
			isa = XCBuildConfiguration;
			buildSettings = {
				ASSETCATALOG_COMPILER_APPICON_NAME = AppIcon;
				INFOPLIST_FILE = UIScrollView/Info.plist;
				LD_RUNPATH_SEARCH_PATHS = "$(inherited) @executable_path/Frameworks";
				PRODUCT_BUNDLE_IDENTIFIER = com.baidu.UIScrollView;
				PRODUCT_NAME = "$(TARGET_NAME)";
			};
			name = Release;
		};
/* End XCBuildConfiguration section */

/* Begin XCConfigurationList section */
		02865EE11C48CCFE002C9707 /* Build configuration list for PBXProject "UIScrollView" */ = {
			isa = XCConfigurationList;
			buildConfigurations = (
				02865EFB1C48CCFE002C9707 /* Debug */,
				02865EFC1C48CCFE002C9707 /* Release */,
			);
			defaultConfigurationIsVisible = 0;
			defaultConfigurationName = Release;
		};
		02865EFD1C48CCFE002C9707 /* Build configuration list for PBXNativeTarget "UIScrollView" */ = {
			isa = XCConfigurationList;
			buildConfigurations = (
				02865EFE1C48CCFE002C9707 /* Debug */,
				02865EFF1C48CCFE002C9707 /* Release */,
			);
			defaultConfigurationIsVisible = 0;
		};
/* End XCConfigurationList section */
	};
	rootObject = 02865EDE1C48CCFE002C9707 /* Project object */;
}
